
Microsoft Visual Studio Solution File, Format Version 12.00
# Visual Studio 15
VisualStudioVersion = 15.0.27130.2036
MinimumVisualStudioVersion = 10.0.40219.1
Project("{FAE04EC0-301F-11D3-BF4B-00C04F79EFBC}") = "PushNotificationsTest", "PushNotificationsTest\PushNotificationsTest.csproj", "{80066623-9B5A-4F71-9249-0C1874E90819}"
EndProject
Global
	GlobalSection(SolutionConfigurationPlatforms) = preSolution
		Debug|Any CPU = Debug|Any CPU
		Release|Any CPU = Release|Any CPU
	EndGlobalSection
	GlobalSection(ProjectConfigurationPlatforms) = postSolution
		{80066623-9B5A-4F71-9249-0C1874E90819}.Debug|Any CPU.ActiveCfg = Debug|Any CPU
		{80066623-9B5A-4F71-9249-0C1874E90819}.Debug|Any CPU.Build.0 = Debug|Any CPU
		{80066623-9B5A-4F71-9249-0C1874E90819}.Release|Any CPU.ActiveCfg = Release|Any CPU
		{80066623-9B5A-4F71-9249-0C1874E90819}.Release|Any CPU.Build.0 = Release|Any CPU
	EndGlobalSection
	GlobalSection(SolutionProperties) = preSolution
		HideSolutionNode = FALSE
	EndGlobalSection
	GlobalSection(ExtensibilityGlobals) = postSolution
		SolutionGuid = {0BA81669-A51D-4245-9841-73EC4F48BFAE}
	EndGlobalSection
EndGlobal
